
Microsoft Visual Studio Solution File, Format Version 12.00
# Visual Studio Version 17
VisualStudioVersion = 17.0.31612.314
MinimumVisualStudioVersion = 10.0.40219.1
Project("{8BC9CEB8-8B4A-11D0-8D11-00A0C91BC942}") = "Pr 2.0", "Pr 2.0\Pr 2.0.vcxproj", "{CDBA9F39-FA6C-469C-90D3-7980AA51EDE3}"
EndProject
Global
	GlobalSection(SolutionConfigurationPlatforms) = preSolution
		Debug|x64 = Debug|x64
		Debug|x86 = Debug|x86
		Release|x64 = Release|x64
		Release|x86 = Release|x86
	EndGlobalSection
	GlobalSection(ProjectConfigurationPlatforms) = postSolution
		{CDBA9F39-FA6C-469C-90D3-7980AA51EDE3}.Debug|x64.ActiveCfg = Debug|x64
		{CDBA9F39-FA6C-469C-90D3-7980AA51EDE3}.Debug|x64.Build.0 = Debug|x64
		{CDBA9F39-FA6C-469C-90D3-7980AA51EDE3}.Debug|x86.ActiveCfg = Debug|Win32
		{CDBA9F39-FA6C-469C-90D3-7980AA51EDE3}.Debug|x86.Build.0 = Debug|Win32
		{CDBA9F39-FA6C-469C-90D3-7980AA51EDE3}.Release|x64.ActiveCfg = Release|x64
		{CDBA9F39-FA6C-469C-90D3-7980AA51EDE3}.Release|x64.Build.0 = Release|x64
		{CDBA9F39-FA6C-469C-90D3-7980AA51EDE3}.Release|x86.ActiveCfg = Release|Win32
		{CDBA9F39-FA6C-469C-90D3-7980AA51EDE3}.Release|x86.Build.0 = Release|Win32
	EndGlobalSection
	GlobalSection(SolutionProperties) = preSolution
		HideSolutionNode = FALSE
	EndGlobalSection
	GlobalSection(ExtensibilityGlobals) = postSolution
		SolutionGuid = {26E60A2D-04ED-499D-A74A-2D00E7D251D3}
	EndGlobalSection
EndGlobal
